
Microsoft Visual Studio Solution File, Format Version 12.00
# Visual Studio Version 16
VisualStudioVersion = 16.0.29613.14
MinimumVisualStudioVersion = 10.0.40219.1
Project("{FAE04EC0-301F-11D3-BF4B-00C04F79EFBC}") = "AzureServiceBus", "AzureServiceBus\AzureServiceBus.csproj", "{1D9AC63F-50EA-4DD8-8DB6-480D5F6069DD}"
EndProject
Global
	GlobalSection(SolutionConfigurationPlatforms) = preSolution
		Debug|Any CPU = Debug|Any CPU
		Release|Any CPU = Release|Any CPU
	EndGlobalSection
	GlobalSection(ProjectConfigurationPlatforms) = postSolution
		{1D9AC63F-50EA-4DD8-8DB6-480D5F6069DD}.Debug|Any CPU.ActiveCfg = Debug|Any CPU
		{1D9AC63F-50EA-4DD8-8DB6-480D5F6069DD}.Debug|Any CPU.Build.0 = Debug|Any CPU
		{1D9AC63F-50EA-4DD8-8DB6-480D5F6069DD}.Release|Any CPU.ActiveCfg = Release|Any CPU
		{1D9AC63F-50EA-4DD8-8DB6-480D5F6069DD}.Release|Any CPU.Build.0 = Release|Any CPU
	EndGlobalSection
	GlobalSection(SolutionProperties) = preSolution
		HideSolutionNode = FALSE
	EndGlobalSection
	GlobalSection(ExtensibilityGlobals) = postSolution
		SolutionGuid = {5583DC19-B219-48DD-9875-5E3B78DDD3DF}
	EndGlobalSection
EndGlobal
